
Microsoft Visual Studio Solution File, Format Version 12.00
# Visual Studio Version 17
VisualStudioVersion = 17.11.35222.181
MinimumVisualStudioVersion = 10.0.40219.1
Project("{FAE04EC0-301F-11D3-BF4B-00C04F79EFBC}") = "BankingSystem.ConsoleApp", "BankingSystem.ConsoleApp\BankingSystem.ConsoleApp.csproj", "{5C3A3F79-FF21-4601-AF14-25DF66F22C22}"
EndProject
Project("{FAE04EC0-301F-11D3-BF4B-00C04F79EFBC}") = "BankingSystem.Application", "BankingSystem.Application\BankingSystem.Application.csproj", "{EB1E813D-F6B3-490E-8AC7-7FBEF22253A6}"
EndProject
Project("{FAE04EC0-301F-11D3-BF4B-00C04F79EFBC}") = "BankingSystem.Domain", "BankingSystem.Domain\BankingSystem.Domain.csproj", "{D2C701A8-8E56-4605-B7B3-9CFD89C7940A}"
EndProject
Project("{FAE04EC0-301F-11D3-BF4B-00C04F79EFBC}") = "BankingSystem.Infrastructure", "BankingSystem.Infrastructure\BankingSystem.Infrastructure.csproj", "{6BC62BF3-FA5E-465D-B2AD-E02E68DF1EDB}"
EndProject
Project("{FAE04EC0-301F-11D3-BF4B-00C04F79EFBC}") = "BankingSystem.Tests", "BankingSystem.Tests\BankingSystem.Tests.csproj", "{57DF5F5E-7D85-4881-9A55-5DA095D44044}"
EndProject
Global
	GlobalSection(SolutionConfigurationPlatforms) = preSolution
		Debug|Any CPU = Debug|Any CPU
		Release|Any CPU = Release|Any CPU
	EndGlobalSection
	GlobalSection(ProjectConfigurationPlatforms) = postSolution
		{5C3A3F79-FF21-4601-AF14-25DF66F22C22}.Debug|Any CPU.ActiveCfg = Debug|Any CPU
		{5C3A3F79-FF21-4601-AF14-25DF66F22C22}.Debug|Any CPU.Build.0 = Debug|Any CPU
		{5C3A3F79-FF21-4601-AF14-25DF66F22C22}.Release|Any CPU.ActiveCfg = Release|Any CPU
		{5C3A3F79-FF21-4601-AF14-25DF66F22C22}.Release|Any CPU.Build.0 = Release|Any CPU
		{EB1E813D-F6B3-490E-8AC7-7FBEF22253A6}.Debug|Any CPU.ActiveCfg = Debug|Any CPU
		{EB1E813D-F6B3-490E-8AC7-7FBEF22253A6}.Debug|Any CPU.Build.0 = Debug|Any CPU
		{EB1E813D-F6B3-490E-8AC7-7FBEF22253A6}.Release|Any CPU.ActiveCfg = Release|Any CPU
		{EB1E813D-F6B3-490E-8AC7-7FBEF22253A6}.Release|Any CPU.Build.0 = Release|Any CPU
		{D2C701A8-8E56-4605-B7B3-9CFD89C7940A}.Debug|Any CPU.ActiveCfg = Debug|Any CPU
		{D2C701A8-8E56-4605-B7B3-9CFD89C7940A}.Debug|Any CPU.Build.0 = Debug|Any CPU
		{D2C701A8-8E56-4605-B7B3-9CFD89C7940A}.Release|Any CPU.ActiveCfg = Release|Any CPU
		{D2C701A8-8E56-4605-B7B3-9CFD89C7940A}.Release|Any CPU.Build.0 = Release|Any CPU
		{6BC62BF3-FA5E-465D-B2AD-E02E68DF1EDB}.Debug|Any CPU.ActiveCfg = Debug|Any CPU
		{6BC62BF3-FA5E-465D-B2AD-E02E68DF1EDB}.Debug|Any CPU.Build.0 = Debug|Any CPU
		{6BC62BF3-FA5E-465D-B2AD-E02E68DF1EDB}.Release|Any CPU.ActiveCfg = Release|Any CPU
		{6BC62BF3-FA5E-465D-B2AD-E02E68DF1EDB}.Release|Any CPU.Build.0 = Release|Any CPU
		{57DF5F5E-7D85-4881-9A55-5DA095D44044}.Debug|Any CPU.ActiveCfg = Debug|Any CPU
		{57DF5F5E-7D85-4881-9A55-5DA095D44044}.Debug|Any CPU.Build.0 = Debug|Any CPU
		{57DF5F5E-7D85-4881-9A55-5DA095D44044}.Release|Any CPU.ActiveCfg = Release|Any CPU
		{57DF5F5E-7D85-4881-9A55-5DA095D44044}.Release|Any CPU.Build.0 = Release|Any CPU
	EndGlobalSection
	GlobalSection(SolutionProperties) = preSolution
		HideSolutionNode = FALSE
	EndGlobalSection
	GlobalSection(ExtensibilityGlobals) = postSolution
		SolutionGuid = {0268707C-24E9-4AE4-A21C-291881C24B85}
	EndGlobalSection
EndGlobal
